
Microsoft Visual Studio Solution File, Format Version 12.00
# Visual Studio Version 17
VisualStudioVersion = 17.5.33516.290
MinimumVisualStudioVersion = 10.0.40219.1
Project("{FAE04EC0-301F-11D3-BF4B-00C04F79EFBC}") = "ClassMetotDemo", "ClassMetotDemo\ClassMetotDemo.csproj", "{CA7F457E-66EC-4685-AEB5-C6F178A2A7EB}"
EndProject
Global
	GlobalSection(SolutionConfigurationPlatforms) = preSolution
		Debug|Any CPU = Debug|Any CPU
		Release|Any CPU = Release|Any CPU
	EndGlobalSection
	GlobalSection(ProjectConfigurationPlatforms) = postSolution
		{CA7F457E-66EC-4685-AEB5-C6F178A2A7EB}.Debug|Any CPU.ActiveCfg = Debug|Any CPU
		{CA7F457E-66EC-4685-AEB5-C6F178A2A7EB}.Debug|Any CPU.Build.0 = Debug|Any CPU
		{CA7F457E-66EC-4685-AEB5-C6F178A2A7EB}.Release|Any CPU.ActiveCfg = Release|Any CPU
		{CA7F457E-66EC-4685-AEB5-C6F178A2A7EB}.Release|Any CPU.Build.0 = Release|Any CPU
	EndGlobalSection
	GlobalSection(SolutionProperties) = preSolution
		HideSolutionNode = FALSE
	EndGlobalSection
	GlobalSection(ExtensibilityGlobals) = postSolution
		SolutionGuid = {21E9366F-12BC-48DA-8A3A-33E5D79072EF}
	EndGlobalSection
EndGlobal
